
Microsoft Visual Studio Solution File, Format Version 12.00
# Visual Studio 15
VisualStudioVersion = 15.0.28010.2050
MinimumVisualStudioVersion = 10.0.40219.1
Project("{FAE04EC0-301F-11D3-BF4B-00C04F79EFBC}") = "Console18", "Console18\Console18.csproj", "{48A9AB99-B182-4F67-B9B1-9FCCBE465E3B}"
EndProject
Project("{FAE04EC0-301F-11D3-BF4B-00C04F79EFBC}") = "ConsoleApp1", "ConsoleApp1\ConsoleApp1.csproj", "{C2A16642-3905-4729-A395-973538B0D46E}"
EndProject
Global
	GlobalSection(SolutionConfigurationPlatforms) = preSolution
		Debug|Any CPU = Debug|Any CPU
		Release|Any CPU = Release|Any CPU
	EndGlobalSection
	GlobalSection(ProjectConfigurationPlatforms) = postSolution
		{48A9AB99-B182-4F67-B9B1-9FCCBE465E3B}.Debug|Any CPU.ActiveCfg = Debug|Any CPU
		{48A9AB99-B182-4F67-B9B1-9FCCBE465E3B}.Debug|Any CPU.Build.0 = Debug|Any CPU
		{48A9AB99-B182-4F67-B9B1-9FCCBE465E3B}.Release|Any CPU.ActiveCfg = Release|Any CPU
		{48A9AB99-B182-4F67-B9B1-9FCCBE465E3B}.Release|Any CPU.Build.0 = Release|Any CPU
		{C2A16642-3905-4729-A395-973538B0D46E}.Debug|Any CPU.ActiveCfg = Debug|Any CPU
		{C2A16642-3905-4729-A395-973538B0D46E}.Debug|Any CPU.Build.0 = Debug|Any CPU
		{C2A16642-3905-4729-A395-973538B0D46E}.Release|Any CPU.ActiveCfg = Release|Any CPU
		{C2A16642-3905-4729-A395-973538B0D46E}.Release|Any CPU.Build.0 = Release|Any CPU
	EndGlobalSection
	GlobalSection(SolutionProperties) = preSolution
		HideSolutionNode = FALSE
	EndGlobalSection
	GlobalSection(ExtensibilityGlobals) = postSolution
		SolutionGuid = {130FEFD0-3538-4AB9-B26A-9415C9C7D883}
	EndGlobalSection
EndGlobal
